
Microsoft Visual Studio Solution File, Format Version 10.00
# Visual Studio 2008
Project("{FAE04EC0-301F-11D3-BF4B-00C04F79EFBC}") = "kwm", "kwm\kwm.csproj", "{69C7DC1D-8D5E-41ED-BA84-9E9800FCEA44}"
	ProjectSection(ProjectDependencies) = postProject
		{80614F74-563D-418E-9BF6-1294F73521C0} = {80614F74-563D-418E-9BF6-1294F73521C0}
		{0D3CAB77-329F-483B-883A-C8B2E7D9CC3E} = {0D3CAB77-329F-483B-883A-C8B2E7D9CC3E}
		{23AD43FF-38F2-4FEC-9FAA-D7B2FA54492B} = {23AD43FF-38F2-4FEC-9FAA-D7B2FA54492B}
	EndProjectSection
EndProject
Project("{FAE04EC0-301F-11D3-BF4B-00C04F79EFBC}") = "KwmAppControls", "KwmAppControls\KwmAppControls.csproj", "{8CDC4B09-D50D-4197-978F-4EC0524BCB50}"
	ProjectSection(ProjectDependencies) = postProject
		{80614F74-563D-418E-9BF6-1294F73521C0} = {80614F74-563D-418E-9BF6-1294F73521C0}
		{0D3CAB77-329F-483B-883A-C8B2E7D9CC3E} = {0D3CAB77-329F-483B-883A-C8B2E7D9CC3E}
		{23AD43FF-38F2-4FEC-9FAA-D7B2FA54492B} = {23AD43FF-38F2-4FEC-9FAA-D7B2FA54492B}
	EndProjectSection
EndProject
Project("{FAE04EC0-301F-11D3-BF4B-00C04F79EFBC}") = "Wizard.Controls", "csutils\Wizard.Controls\Wizard.Controls.csproj", "{23AD43FF-38F2-4FEC-9FAA-D7B2FA54492B}"
	ProjectSection(ProjectDependencies) = postProject
		{0D3CAB77-329F-483B-883A-C8B2E7D9CC3E} = {0D3CAB77-329F-483B-883A-C8B2E7D9CC3E}
	EndProjectSection
EndProject
Project("{FAE04EC0-301F-11D3-BF4B-00C04F79EFBC}") = "Wizard.UI", "csutils\Wizard.UI\Wizard.UI.csproj", "{80614F74-563D-418E-9BF6-1294F73521C0}"
	ProjectSection(ProjectDependencies) = postProject
		{0D3CAB77-329F-483B-883A-C8B2E7D9CC3E} = {0D3CAB77-329F-483B-883A-C8B2E7D9CC3E}
	EndProjectSection
EndProject
Project("{FAE04EC0-301F-11D3-BF4B-00C04F79EFBC}") = "TbxUtils", "csutils\TbxUtils\TbxUtils.csproj", "{0D3CAB77-329F-483B-883A-C8B2E7D9CC3E}"
EndProject
Project("{FAE04EC0-301F-11D3-BF4B-00C04F79EFBC}") = "XPTabControlCS", "csutils\XPTabControlCS\XPTabControlCS.csproj", "{7BF2F93F-D798-435B-A92F-879E3D4E4BF4}"
EndProject
Project("{8BC9CEB8-8B4A-11D0-8D11-00A0C91BC942}") = "MAPIAddrBook", "MAPIAddrBook\MAPIAddrBook.vcproj", "{35F89C79-FB37-4CB1-97BE-2701613D0531}"
EndProject
Global
	GlobalSection(SolutionConfigurationPlatforms) = preSolution
		Debug|Any CPU = Debug|Any CPU
		Debug|Mixed Platforms = Debug|Mixed Platforms
		Debug|Win32 = Debug|Win32
		DebugP|Any CPU = DebugP|Any CPU
		DebugP|Mixed Platforms = DebugP|Mixed Platforms
		DebugP|Win32 = DebugP|Win32
		Release|Any CPU = Release|Any CPU
		Release|Mixed Platforms = Release|Mixed Platforms
		Release|Win32 = Release|Win32
		ReleaseP|Any CPU = ReleaseP|Any CPU
		ReleaseP|Mixed Platforms = ReleaseP|Mixed Platforms
		ReleaseP|Win32 = ReleaseP|Win32
		UnitTests|Any CPU = UnitTests|Any CPU
		UnitTests|Mixed Platforms = UnitTests|Mixed Platforms
		UnitTests|Win32 = UnitTests|Win32
	EndGlobalSection
	GlobalSection(ProjectConfigurationPlatforms) = postSolution
		{69C7DC1D-8D5E-41ED-BA84-9E9800FCEA44}.Debug|Any CPU.ActiveCfg = Debug|Any CPU
		{69C7DC1D-8D5E-41ED-BA84-9E9800FCEA44}.Debug|Any CPU.Build.0 = Debug|Any CPU
		{69C7DC1D-8D5E-41ED-BA84-9E9800FCEA44}.Debug|Mixed Platforms.ActiveCfg = Debug|Any CPU
		{69C7DC1D-8D5E-41ED-BA84-9E9800FCEA44}.Debug|Mixed Platforms.Build.0 = Debug|Any CPU
		{69C7DC1D-8D5E-41ED-BA84-9E9800FCEA44}.Debug|Win32.ActiveCfg = Debug|Any CPU
		{69C7DC1D-8D5E-41ED-BA84-9E9800FCEA44}.DebugP|Any CPU.ActiveCfg = DebugP|Any CPU
		{69C7DC1D-8D5E-41ED-BA84-9E9800FCEA44}.DebugP|Any CPU.Build.0 = DebugP|Any CPU
		{69C7DC1D-8D5E-41ED-BA84-9E9800FCEA44}.DebugP|Mixed Platforms.ActiveCfg = DebugP|Any CPU
		{69C7DC1D-8D5E-41ED-BA84-9E9800FCEA44}.DebugP|Mixed Platforms.Build.0 = DebugP|Any CPU
		{69C7DC1D-8D5E-41ED-BA84-9E9800FCEA44}.DebugP|Win32.ActiveCfg = DebugP|Any CPU
		{69C7DC1D-8D5E-41ED-BA84-9E9800FCEA44}.Release|Any CPU.ActiveCfg = Release|Any CPU
		{69C7DC1D-8D5E-41ED-BA84-9E9800FCEA44}.Release|Any CPU.Build.0 = Release|Any CPU
		{69C7DC1D-8D5E-41ED-BA84-9E9800FCEA44}.Release|Mixed Platforms.ActiveCfg = Release|Any CPU
		{69C7DC1D-8D5E-41ED-BA84-9E9800FCEA44}.Release|Mixed Platforms.Build.0 = Release|Any CPU
		{69C7DC1D-8D5E-41ED-BA84-9E9800FCEA44}.Release|Win32.ActiveCfg = Release|Any CPU
		{69C7DC1D-8D5E-41ED-BA84-9E9800FCEA44}.ReleaseP|Any CPU.ActiveCfg = ReleaseP|Any CPU
		{69C7DC1D-8D5E-41ED-BA84-9E9800FCEA44}.ReleaseP|Any CPU.Build.0 = ReleaseP|Any CPU
		{69C7DC1D-8D5E-41ED-BA84-9E9800FCEA44}.ReleaseP|Mixed Platforms.ActiveCfg = ReleaseP|Any CPU
		{69C7DC1D-8D5E-41ED-BA84-9E9800FCEA44}.ReleaseP|Mixed Platforms.Build.0 = ReleaseP|Any CPU
		{69C7DC1D-8D5E-41ED-BA84-9E9800FCEA44}.ReleaseP|Win32.ActiveCfg = ReleaseP|Any CPU
		{69C7DC1D-8D5E-41ED-BA84-9E9800FCEA44}.UnitTests|Any CPU.ActiveCfg = UnitTests|Any CPU
		{69C7DC1D-8D5E-41ED-BA84-9E9800FCEA44}.UnitTests|Any CPU.Build.0 = UnitTests|Any CPU
		{69C7DC1D-8D5E-41ED-BA84-9E9800FCEA44}.UnitTests|Mixed Platforms.ActiveCfg = UnitTests|Any CPU
		{69C7DC1D-8D5E-41ED-BA84-9E9800FCEA44}.UnitTests|Mixed Platforms.Build.0 = UnitTests|Any CPU
		{69C7DC1D-8D5E-41ED-BA84-9E9800FCEA44}.UnitTests|Win32.ActiveCfg = UnitTests|Any CPU
		{8CDC4B09-D50D-4197-978F-4EC0524BCB50}.Debug|Any CPU.ActiveCfg = Debug|Any CPU
		{8CDC4B09-D50D-4197-978F-4EC0524BCB50}.Debug|Any CPU.Build.0 = Debug|Any CPU
		{8CDC4B09-D50D-4197-978F-4EC0524BCB50}.Debug|Mixed Platforms.ActiveCfg = Debug|Any CPU
		{8CDC4B09-D50D-4197-978F-4EC0524BCB50}.Debug|Mixed Platforms.Build.0 = Debug|Any CPU
		{8CDC4B09-D50D-4197-978F-4EC0524BCB50}.Debug|Win32.ActiveCfg = Debug|Any CPU
		{8CDC4B09-D50D-4197-978F-4EC0524BCB50}.DebugP|Any CPU.ActiveCfg = DebugP|Any CPU
		{8CDC4B09-D50D-4197-978F-4EC0524BCB50}.DebugP|Any CPU.Build.0 = DebugP|Any CPU
		{8CDC4B09-D50D-4197-978F-4EC0524BCB50}.DebugP|Mixed Platforms.ActiveCfg = DebugP|Any CPU
		{8CDC4B09-D50D-4197-978F-4EC0524BCB50}.DebugP|Mixed Platforms.Build.0 = DebugP|Any CPU
		{8CDC4B09-D50D-4197-978F-4EC0524BCB50}.DebugP|Win32.ActiveCfg = DebugP|Any CPU
		{8CDC4B09-D50D-4197-978F-4EC0524BCB50}.Release|Any CPU.ActiveCfg = Release|Any CPU
		{8CDC4B09-D50D-4197-978F-4EC0524BCB50}.Release|Any CPU.Build.0 = Release|Any CPU
		{8CDC4B09-D50D-4197-978F-4EC0524BCB50}.Release|Mixed Platforms.ActiveCfg = Release|Any CPU
		{8CDC4B09-D50D-4197-978F-4EC0524BCB50}.Release|Mixed Platforms.Build.0 = Release|Any CPU
		{8CDC4B09-D50D-4197-978F-4EC0524BCB50}.Release|Win32.ActiveCfg = Release|Any CPU
		{8CDC4B09-D50D-4197-978F-4EC0524BCB50}.ReleaseP|Any CPU.ActiveCfg = ReleaseP|Any CPU
		{8CDC4B09-D50D-4197-978F-4EC0524BCB50}.ReleaseP|Any CPU.Build.0 = ReleaseP|Any CPU
		{8CDC4B09-D50D-4197-978F-4EC0524BCB50}.ReleaseP|Mixed Platforms.ActiveCfg = ReleaseP|Any CPU
		{8CDC4B09-D50D-4197-978F-4EC0524BCB50}.ReleaseP|Mixed Platforms.Build.0 = ReleaseP|Any CPU
		{8CDC4B09-D50D-4197-978F-4EC0524BCB50}.ReleaseP|Win32.ActiveCfg = ReleaseP|Any CPU
		{8CDC4B09-D50D-4197-978F-4EC0524BCB50}.UnitTests|Any CPU.ActiveCfg = UnitTests|Any CPU
		{8CDC4B09-D50D-4197-978F-4EC0524BCB50}.UnitTests|Any CPU.Build.0 = UnitTests|Any CPU
		{8CDC4B09-D50D-4197-978F-4EC0524BCB50}.UnitTests|Mixed Platforms.ActiveCfg = UnitTests|Any CPU
		{8CDC4B09-D50D-4197-978F-4EC0524BCB50}.UnitTests|Mixed Platforms.Build.0 = UnitTests|Any CPU
		{8CDC4B09-D50D-4197-978F-4EC0524BCB50}.UnitTests|Win32.ActiveCfg = UnitTests|Any CPU
		{23AD43FF-38F2-4FEC-9FAA-D7B2FA54492B}.Debug|Any CPU.ActiveCfg = Debug|Any CPU
		{23AD43FF-38F2-4FEC-9FAA-D7B2FA54492B}.Debug|Any CPU.Build.0 = Debug|Any CPU
		{23AD43FF-38F2-4FEC-9FAA-D7B2FA54492B}.Debug|Mixed Platforms.ActiveCfg = Debug|Any CPU
		{23AD43FF-38F2-4FEC-9FAA-D7B2FA54492B}.Debug|Mixed Platforms.Build.0 = Debug|Any CPU
		{23AD43FF-38F2-4FEC-9FAA-D7B2FA54492B}.Debug|Win32.ActiveCfg = Debug|Any CPU
		{23AD43FF-38F2-4FEC-9FAA-D7B2FA54492B}.DebugP|Any CPU.ActiveCfg = Debug|Any CPU
		{23AD43FF-38F2-4FEC-9FAA-D7B2FA54492B}.DebugP|Any CPU.Build.0 = Debug|Any CPU
		{23AD43FF-38F2-4FEC-9FAA-D7B2FA54492B}.DebugP|Mixed Platforms.ActiveCfg = Debug|Any CPU
		{23AD43FF-38F2-4FEC-9FAA-D7B2FA54492B}.DebugP|Mixed Platforms.Build.0 = Debug|Any CPU
		{23AD43FF-38F2-4FEC-9FAA-D7B2FA54492B}.DebugP|Win32.ActiveCfg = Debug|Any CPU
		{23AD43FF-38F2-4FEC-9FAA-D7B2FA54492B}.Release|Any CPU.ActiveCfg = Release|Any CPU
		{23AD43FF-38F2-4FEC-9FAA-D7B2FA54492B}.Release|Any CPU.Build.0 = Release|Any CPU
		{23AD43FF-38F2-4FEC-9FAA-D7B2FA54492B}.Release|Mixed Platforms.ActiveCfg = Release|Any CPU
		{23AD43FF-38F2-4FEC-9FAA-D7B2FA54492B}.Release|Mixed Platforms.Build.0 = Release|Any CPU
		{23AD43FF-38F2-4FEC-9FAA-D7B2FA54492B}.Release|Win32.ActiveCfg = Release|Any CPU
		{23AD43FF-38F2-4FEC-9FAA-D7B2FA54492B}.ReleaseP|Any CPU.ActiveCfg = Release|Any CPU
		{23AD43FF-38F2-4FEC-9FAA-D7B2FA54492B}.ReleaseP|Any CPU.Build.0 = Release|Any CPU
		{23AD43FF-38F2-4FEC-9FAA-D7B2FA54492B}.ReleaseP|Mixed Platforms.ActiveCfg = Release|Any CPU
		{23AD43FF-38F2-4FEC-9FAA-D7B2FA54492B}.ReleaseP|Mixed Platforms.Build.0 = Release|Any CPU
		{23AD43FF-38F2-4FEC-9FAA-D7B2FA54492B}.ReleaseP|Win32.ActiveCfg = Release|Any CPU
		{23AD43FF-38F2-4FEC-9FAA-D7B2FA54492B}.UnitTests|Any CPU.ActiveCfg = UnitTests|Any CPU
		{23AD43FF-38F2-4FEC-9FAA-D7B2FA54492B}.UnitTests|Any CPU.Build.0 = UnitTests|Any CPU
		{23AD43FF-38F2-4FEC-9FAA-D7B2FA54492B}.UnitTests|Mixed Platforms.ActiveCfg = UnitTests|Any CPU
		{23AD43FF-38F2-4FEC-9FAA-D7B2FA54492B}.UnitTests|Mixed Platforms.Build.0 = UnitTests|Any CPU
		{23AD43FF-38F2-4FEC-9FAA-D7B2FA54492B}.UnitTests|Win32.ActiveCfg = UnitTests|Any CPU
		{80614F74-563D-418E-9BF6-1294F73521C0}.Debug|Any CPU.ActiveCfg = Debug|Any CPU
		{80614F74-563D-418E-9BF6-1294F73521C0}.Debug|Any CPU.Build.0 = Debug|Any CPU
		{80614F74-563D-418E-9BF6-1294F73521C0}.Debug|Mixed Platforms.ActiveCfg = Debug|Any CPU
		{80614F74-563D-418E-9BF6-1294F73521C0}.Debug|Mixed Platforms.Build.0 = Debug|Any CPU
		{80614F74-563D-418E-9BF6-1294F73521C0}.Debug|Win32.ActiveCfg = Debug|Any CPU
		{80614F74-563D-418E-9BF6-1294F73521C0}.DebugP|Any CPU.ActiveCfg = Debug|Any CPU
		{80614F74-563D-418E-9BF6-1294F73521C0}.DebugP|Any CPU.Build.0 = Debug|Any CPU
		{80614F74-563D-418E-9BF6-1294F73521C0}.DebugP|Mixed Platforms.ActiveCfg = Debug|Any CPU
		{80614F74-563D-418E-9BF6-1294F73521C0}.DebugP|Mixed Platforms.Build.0 = Debug|Any CPU
		{80614F74-563D-418E-9BF6-1294F73521C0}.DebugP|Win32.ActiveCfg = Debug|Any CPU
		{80614F74-563D-418E-9BF6-1294F73521C0}.Release|Any CPU.ActiveCfg = Release|Any CPU
		{80614F74-563D-418E-9BF6-1294F73521C0}.Release|Any CPU.Build.0 = Release|Any CPU
		{80614F74-563D-418E-9BF6-1294F73521C0}.Release|Mixed Platforms.ActiveCfg = Release|Any CPU
		{80614F74-563D-418E-9BF6-1294F73521C0}.Release|Mixed Platforms.Build.0 = Release|Any CPU
		{80614F74-563D-418E-9BF6-1294F73521C0}.Release|Win32.ActiveCfg = Release|Any CPU
		{80614F74-563D-418E-9BF6-1294F73521C0}.ReleaseP|Any CPU.ActiveCfg = Release|Any CPU
		{80614F74-563D-418E-9BF6-1294F73521C0}.ReleaseP|Any CPU.Build.0 = Release|Any CPU
		{80614F74-563D-418E-9BF6-1294F73521C0}.ReleaseP|Mixed Platforms.ActiveCfg = Release|Any CPU
		{80614F74-563D-418E-9BF6-1294F73521C0}.ReleaseP|Mixed Platforms.Build.0 = Release|Any CPU
		{80614F74-563D-418E-9BF6-1294F73521C0}.ReleaseP|Win32.ActiveCfg = Release|Any CPU
		{80614F74-563D-418E-9BF6-1294F73521C0}.UnitTests|Any CPU.ActiveCfg = UnitTests|Any CPU
		{80614F74-563D-418E-9BF6-1294F73521C0}.UnitTests|Any CPU.Build.0 = UnitTests|Any CPU
		{80614F74-563D-418E-9BF6-1294F73521C0}.UnitTests|Mixed Platforms.ActiveCfg = UnitTests|Any CPU
		{80614F74-563D-418E-9BF6-1294F73521C0}.UnitTests|Mixed Platforms.Build.0 = UnitTests|Any CPU
		{80614F74-563D-418E-9BF6-1294F73521C0}.UnitTests|Win32.ActiveCfg = UnitTests|Any CPU
		{0D3CAB77-329F-483B-883A-C8B2E7D9CC3E}.Debug|Any CPU.ActiveCfg = Debug|Any CPU
		{0D3CAB77-329F-483B-883A-C8B2E7D9CC3E}.Debug|Any CPU.Build.0 = Debug|Any CPU
		{0D3CAB77-329F-483B-883A-C8B2E7D9CC3E}.Debug|Mixed Platforms.ActiveCfg = Debug|Any CPU
		{0D3CAB77-329F-483B-883A-C8B2E7D9CC3E}.Debug|Mixed Platforms.Build.0 = Debug|Any CPU
		{0D3CAB77-329F-483B-883A-C8B2E7D9CC3E}.Debug|Win32.ActiveCfg = Debug|Any CPU
		{0D3CAB77-329F-483B-883A-C8B2E7D9CC3E}.DebugP|Any CPU.ActiveCfg = Debug|Any CPU
		{0D3CAB77-329F-483B-883A-C8B2E7D9CC3E}.DebugP|Any CPU.Build.0 = Debug|Any CPU
		{0D3CAB77-329F-483B-883A-C8B2E7D9CC3E}.DebugP|Mixed Platforms.ActiveCfg = Debug|Any CPU
		{0D3CAB77-329F-483B-883A-C8B2E7D9CC3E}.DebugP|Mixed Platforms.Build.0 = Debug|Any CPU
		{0D3CAB77-329F-483B-883A-C8B2E7D9CC3E}.DebugP|Win32.ActiveCfg = Debug|Any CPU
		{0D3CAB77-329F-483B-883A-C8B2E7D9CC3E}.Release|Any CPU.ActiveCfg = Release|Any CPU
		{0D3CAB77-329F-483B-883A-C8B2E7D9CC3E}.Release|Any CPU.Build.0 = Release|Any CPU
		{0D3CAB77-329F-483B-883A-C8B2E7D9CC3E}.Release|Mixed Platforms.ActiveCfg = Release|Any CPU
		{0D3CAB77-329F-483B-883A-C8B2E7D9CC3E}.Release|Mixed Platforms.Build.0 = Release|Any CPU
		{0D3CAB77-329F-483B-883A-C8B2E7D9CC3E}.Release|Win32.ActiveCfg = Release|Any CPU
		{0D3CAB77-329F-483B-883A-C8B2E7D9CC3E}.ReleaseP|Any CPU.ActiveCfg = Release|Any CPU
		{0D3CAB77-329F-483B-883A-C8B2E7D9CC3E}.ReleaseP|Any CPU.Build.0 = Release|Any CPU
		{0D3CAB77-329F-483B-883A-C8B2E7D9CC3E}.ReleaseP|Mixed Platforms.ActiveCfg = ReleaseP|Any CPU
		{0D3CAB77-329F-483B-883A-C8B2E7D9CC3E}.ReleaseP|Mixed Platforms.Build.0 = ReleaseP|Any CPU
		{0D3CAB77-329F-483B-883A-C8B2E7D9CC3E}.ReleaseP|Win32.ActiveCfg = ReleaseP|Any CPU
		{0D3CAB77-329F-483B-883A-C8B2E7D9CC3E}.UnitTests|Any CPU.ActiveCfg = Release|Any CPU
		{0D3CAB77-329F-483B-883A-C8B2E7D9CC3E}.UnitTests|Any CPU.Build.0 = Release|Any CPU
		{0D3CAB77-329F-483B-883A-C8B2E7D9CC3E}.UnitTests|Mixed Platforms.ActiveCfg = ReleaseP|Any CPU
		{0D3CAB77-329F-483B-883A-C8B2E7D9CC3E}.UnitTests|Mixed Platforms.Build.0 = ReleaseP|Any CPU
		{0D3CAB77-329F-483B-883A-C8B2E7D9CC3E}.UnitTests|Win32.ActiveCfg = ReleaseP|Any CPU
		{7BF2F93F-D798-435B-A92F-879E3D4E4BF4}.Debug|Any CPU.ActiveCfg = Debug|Any CPU
		{7BF2F93F-D798-435B-A92F-879E3D4E4BF4}.Debug|Any CPU.Build.0 = Debug|Any CPU
		{7BF2F93F-D798-435B-A92F-879E3D4E4BF4}.Debug|Mixed Platforms.ActiveCfg = Debug|Any CPU
		{7BF2F93F-D798-435B-A92F-879E3D4E4BF4}.Debug|Mixed Platforms.Build.0 = Debug|Any CPU
		{7BF2F93F-D798-435B-A92F-879E3D4E4BF4}.Debug|Win32.ActiveCfg = Debug|Any CPU
		{7BF2F93F-D798-435B-A92F-879E3D4E4BF4}.DebugP|Any CPU.ActiveCfg = Debug|Any CPU
		{7BF2F93F-D798-435B-A92F-879E3D4E4BF4}.DebugP|Any CPU.Build.0 = Debug|Any CPU
		{7BF2F93F-D798-435B-A92F-879E3D4E4BF4}.DebugP|Mixed Platforms.ActiveCfg = Debug|Any CPU
		{7BF2F93F-D798-435B-A92F-879E3D4E4BF4}.DebugP|Mixed Platforms.Build.0 = Debug|Any CPU
		{7BF2F93F-D798-435B-A92F-879E3D4E4BF4}.DebugP|Win32.ActiveCfg = Debug|Any CPU
		{7BF2F93F-D798-435B-A92F-879E3D4E4BF4}.Release|Any CPU.ActiveCfg = Release|Any CPU
		{7BF2F93F-D798-435B-A92F-879E3D4E4BF4}.Release|Any CPU.Build.0 = Release|Any CPU
		{7BF2F93F-D798-435B-A92F-879E3D4E4BF4}.Release|Mixed Platforms.ActiveCfg = Release|Any CPU
		{7BF2F93F-D798-435B-A92F-879E3D4E4BF4}.Release|Mixed Platforms.Build.0 = Release|Any CPU
		{7BF2F93F-D798-435B-A92F-879E3D4E4BF4}.Release|Win32.ActiveCfg = Release|Any CPU
		{7BF2F93F-D798-435B-A92F-879E3D4E4BF4}.ReleaseP|Any CPU.ActiveCfg = Release|Any CPU
		{7BF2F93F-D798-435B-A92F-879E3D4E4BF4}.ReleaseP|Any CPU.Build.0 = Release|Any CPU
		{7BF2F93F-D798-435B-A92F-879E3D4E4BF4}.ReleaseP|Mixed Platforms.ActiveCfg = Release|Any CPU
		{7BF2F93F-D798-435B-A92F-879E3D4E4BF4}.ReleaseP|Mixed Platforms.Build.0 = Release|Any CPU
		{7BF2F93F-D798-435B-A92F-879E3D4E4BF4}.ReleaseP|Win32.ActiveCfg = Release|Any CPU
		{7BF2F93F-D798-435B-A92F-879E3D4E4BF4}.UnitTests|Any CPU.ActiveCfg = Release|Any CPU
		{7BF2F93F-D798-435B-A92F-879E3D4E4BF4}.UnitTests|Any CPU.Build.0 = Release|Any CPU
		{7BF2F93F-D798-435B-A92F-879E3D4E4BF4}.UnitTests|Mixed Platforms.ActiveCfg = Release|Any CPU
		{7BF2F93F-D798-435B-A92F-879E3D4E4BF4}.UnitTests|Mixed Platforms.Build.0 = Release|Any CPU
		{7BF2F93F-D798-435B-A92F-879E3D4E4BF4}.UnitTests|Win32.ActiveCfg = Release|Any CPU
		{35F89C79-FB37-4CB1-97BE-2701613D0531}.Debug|Any CPU.ActiveCfg = Debug|Win32
		{35F89C79-FB37-4CB1-97BE-2701613D0531}.Debug|Mixed Platforms.ActiveCfg = Debug|Win32
		{35F89C79-FB37-4CB1-97BE-2701613D0531}.Debug|Mixed Platforms.Build.0 = Debug|Win32
		{35F89C79-FB37-4CB1-97BE-2701613D0531}.Debug|Win32.ActiveCfg = Debug|Win32
		{35F89C79-FB37-4CB1-97BE-2701613D0531}.Debug|Win32.Build.0 = Debug|Win32
		{35F89C79-FB37-4CB1-97BE-2701613D0531}.DebugP|Any CPU.ActiveCfg = Debug|Win32
		{35F89C79-FB37-4CB1-97BE-2701613D0531}.DebugP|Mixed Platforms.ActiveCfg = Debug|Win32
		{35F89C79-FB37-4CB1-97BE-2701613D0531}.DebugP|Mixed Platforms.Build.0 = Debug|Win32
		{35F89C79-FB37-4CB1-97BE-2701613D0531}.DebugP|Win32.ActiveCfg = Debug|Win32
		{35F89C79-FB37-4CB1-97BE-2701613D0531}.DebugP|Win32.Build.0 = Debug|Win32
		{35F89C79-FB37-4CB1-97BE-2701613D0531}.Release|Any CPU.ActiveCfg = Release|Win32
		{35F89C79-FB37-4CB1-97BE-2701613D0531}.Release|Mixed Platforms.ActiveCfg = Release|Win32
		{35F89C79-FB37-4CB1-97BE-2701613D0531}.Release|Mixed Platforms.Build.0 = Release|Win32
		{35F89C79-FB37-4CB1-97BE-2701613D0531}.Release|Win32.ActiveCfg = Release|Win32
		{35F89C79-FB37-4CB1-97BE-2701613D0531}.Release|Win32.Build.0 = Release|Win32
		{35F89C79-FB37-4CB1-97BE-2701613D0531}.ReleaseP|Any CPU.ActiveCfg = Release|Win32
		{35F89C79-FB37-4CB1-97BE-2701613D0531}.ReleaseP|Mixed Platforms.ActiveCfg = Release|Win32
		{35F89C79-FB37-4CB1-97BE-2701613D0531}.ReleaseP|Mixed Platforms.Build.0 = Release|Win32
		{35F89C79-FB37-4CB1-97BE-2701613D0531}.ReleaseP|Win32.ActiveCfg = Release|Win32
		{35F89C79-FB37-4CB1-97BE-2701613D0531}.ReleaseP|Win32.Build.0 = Release|Win32
		{35F89C79-FB37-4CB1-97BE-2701613D0531}.UnitTests|Any CPU.ActiveCfg = Release|Win32
		{35F89C79-FB37-4CB1-97BE-2701613D0531}.UnitTests|Mixed Platforms.ActiveCfg = Release|Win32
		{35F89C79-FB37-4CB1-97BE-2701613D0531}.UnitTests|Mixed Platforms.Build.0 = Release|Win32
		{35F89C79-FB37-4CB1-97BE-2701613D0531}.UnitTests|Win32.ActiveCfg = Release|Win32
		{35F89C79-FB37-4CB1-97BE-2701613D0531}.UnitTests|Win32.Build.0 = Release|Win32
	EndGlobalSection
	GlobalSection(SolutionProperties) = preSolution
		HideSolutionNode = FALSE
	EndGlobalSection
EndGlobal
